
Microsoft Visual Studio Solution File, Format Version 12.00
# Visual Studio Express 2012 for Windows Desktop
Project("{FAE04EC0-301F-11D3-BF4B-00C04F79EFBC}") = "MainProject", "MainProject\MainProject.csproj", "{B08DF120-79F8-43B7-BAD0-38F887BEAD3B}"
	ProjectSection(ProjectDependencies) = postProject
		{E6C6E11B-86F9-4103-9631-7D5A54035C21} = {E6C6E11B-86F9-4103-9631-7D5A54035C21}
	EndProjectSection
EndProject
Project("{FAE04EC0-301F-11D3-BF4B-00C04F79EFBC}") = "HelloWorld", "HelloWorld\HelloWorld.csproj", "{E6C6E11B-86F9-4103-9631-7D5A54035C21}"
EndProject
Project("{FAE04EC0-301F-11D3-BF4B-00C04F79EFBC}") = "Students", "Students\Students.csproj", "{087073AD-B2AD-494C-860D-2EAAD0504D0A}"
EndProject
Project("{FAE04EC0-301F-11D3-BF4B-00C04F79EFBC}") = "University", "University\University.csproj", "{965D08DE-45D5-4D9A-975B-EC988DB0BA71}"
EndProject
Project("{FAE04EC0-301F-11D3-BF4B-00C04F79EFBC}") = "Collections", "Collections\Collections.csproj", "{A5991609-BB37-4677-897E-4DEDC73FA8C1}"
EndProject
Project("{FAE04EC0-301F-11D3-BF4B-00C04F79EFBC}") = "Patterns", "Patterns\Patterns.csproj", "{609DA55B-1E45-4E92-9FC3-31A99320869B}"
EndProject
Global
	GlobalSection(SolutionConfigurationPlatforms) = preSolution
		Debug|Any CPU = Debug|Any CPU
		Release|Any CPU = Release|Any CPU
	EndGlobalSection
	GlobalSection(ProjectConfigurationPlatforms) = postSolution
		{B08DF120-79F8-43B7-BAD0-38F887BEAD3B}.Debug|Any CPU.ActiveCfg = Debug|Any CPU
		{B08DF120-79F8-43B7-BAD0-38F887BEAD3B}.Debug|Any CPU.Build.0 = Debug|Any CPU
		{B08DF120-79F8-43B7-BAD0-38F887BEAD3B}.Release|Any CPU.ActiveCfg = Release|Any CPU
		{B08DF120-79F8-43B7-BAD0-38F887BEAD3B}.Release|Any CPU.Build.0 = Release|Any CPU
		{E6C6E11B-86F9-4103-9631-7D5A54035C21}.Debug|Any CPU.ActiveCfg = Debug|Any CPU
		{E6C6E11B-86F9-4103-9631-7D5A54035C21}.Debug|Any CPU.Build.0 = Debug|Any CPU
		{E6C6E11B-86F9-4103-9631-7D5A54035C21}.Release|Any CPU.ActiveCfg = Release|Any CPU
		{E6C6E11B-86F9-4103-9631-7D5A54035C21}.Release|Any CPU.Build.0 = Release|Any CPU
		{087073AD-B2AD-494C-860D-2EAAD0504D0A}.Debug|Any CPU.ActiveCfg = Debug|Any CPU
		{087073AD-B2AD-494C-860D-2EAAD0504D0A}.Debug|Any CPU.Build.0 = Debug|Any CPU
		{087073AD-B2AD-494C-860D-2EAAD0504D0A}.Release|Any CPU.ActiveCfg = Release|Any CPU
		{087073AD-B2AD-494C-860D-2EAAD0504D0A}.Release|Any CPU.Build.0 = Release|Any CPU
		{965D08DE-45D5-4D9A-975B-EC988DB0BA71}.Debug|Any CPU.ActiveCfg = Debug|Any CPU
		{965D08DE-45D5-4D9A-975B-EC988DB0BA71}.Debug|Any CPU.Build.0 = Debug|Any CPU
		{965D08DE-45D5-4D9A-975B-EC988DB0BA71}.Release|Any CPU.ActiveCfg = Release|Any CPU
		{965D08DE-45D5-4D9A-975B-EC988DB0BA71}.Release|Any CPU.Build.0 = Release|Any CPU
		{A5991609-BB37-4677-897E-4DEDC73FA8C1}.Debug|Any CPU.ActiveCfg = Debug|Any CPU
		{A5991609-BB37-4677-897E-4DEDC73FA8C1}.Debug|Any CPU.Build.0 = Debug|Any CPU
		{A5991609-BB37-4677-897E-4DEDC73FA8C1}.Release|Any CPU.ActiveCfg = Release|Any CPU
		{A5991609-BB37-4677-897E-4DEDC73FA8C1}.Release|Any CPU.Build.0 = Release|Any CPU
		{609DA55B-1E45-4E92-9FC3-31A99320869B}.Debug|Any CPU.ActiveCfg = Debug|Any CPU
		{609DA55B-1E45-4E92-9FC3-31A99320869B}.Debug|Any CPU.Build.0 = Debug|Any CPU
		{609DA55B-1E45-4E92-9FC3-31A99320869B}.Release|Any CPU.ActiveCfg = Release|Any CPU
		{609DA55B-1E45-4E92-9FC3-31A99320869B}.Release|Any CPU.Build.0 = Release|Any CPU
	EndGlobalSection
	GlobalSection(SolutionProperties) = preSolution
		HideSolutionNode = FALSE
	EndGlobalSection
EndGlobal
