
Microsoft Visual Studio Solution File, Format Version 12.00
# Visual Studio 2013
VisualStudioVersion = 12.0.31101.0
MinimumVisualStudioVersion = 10.0.40219.1
Project("{FAE04EC0-301F-11D3-BF4B-00C04F79EFBC}") = "MVP", "MVP and MVVM\MVP.csproj", "{6036D472-964B-42EE-BB31-F9853E900735}"
EndProject
Project("{FAE04EC0-301F-11D3-BF4B-00C04F79EFBC}") = "MVVM", "MVVM\MVVM.csproj", "{D824BE60-656F-43AF-A7FA-60485E50AEB4}"
EndProject
Global
	GlobalSection(SolutionConfigurationPlatforms) = preSolution
		Debug|Any CPU = Debug|Any CPU
		Release|Any CPU = Release|Any CPU
	EndGlobalSection
	GlobalSection(ProjectConfigurationPlatforms) = postSolution
		{6036D472-964B-42EE-BB31-F9853E900735}.Debug|Any CPU.ActiveCfg = Debug|Any CPU
		{6036D472-964B-42EE-BB31-F9853E900735}.Debug|Any CPU.Build.0 = Debug|Any CPU
		{6036D472-964B-42EE-BB31-F9853E900735}.Release|Any CPU.ActiveCfg = Release|Any CPU
		{6036D472-964B-42EE-BB31-F9853E900735}.Release|Any CPU.Build.0 = Release|Any CPU
		{D824BE60-656F-43AF-A7FA-60485E50AEB4}.Debug|Any CPU.ActiveCfg = Debug|Any CPU
		{D824BE60-656F-43AF-A7FA-60485E50AEB4}.Debug|Any CPU.Build.0 = Debug|Any CPU
		{D824BE60-656F-43AF-A7FA-60485E50AEB4}.Release|Any CPU.ActiveCfg = Release|Any CPU
		{D824BE60-656F-43AF-A7FA-60485E50AEB4}.Release|Any CPU.Build.0 = Release|Any CPU
	EndGlobalSection
	GlobalSection(SolutionProperties) = preSolution
		HideSolutionNode = FALSE
	EndGlobalSection
EndGlobal
